
Microsoft Visual Studio Solution File, Format Version 12.00
# Visual Studio 14
VisualStudioVersion = 14.0.25420.1
MinimumVisualStudioVersion = 10.0.40219.1
Project("{FAE04EC0-301F-11D3-BF4B-00C04F79EFBC}") = "Tugas Kelompok - Tugas 1", "Tugas Kelompok - Tugas 1\Tugas Kelompok - Tugas 1.csproj", "{7DB65B52-A807-489C-AB01-A8CA2E7868D4}"
EndProject
Global
	GlobalSection(SolutionConfigurationPlatforms) = preSolution
		Debug|Any CPU = Debug|Any CPU
		Release|Any CPU = Release|Any CPU
	EndGlobalSection
	GlobalSection(ProjectConfigurationPlatforms) = postSolution
		{7DB65B52-A807-489C-AB01-A8CA2E7868D4}.Debug|Any CPU.ActiveCfg = Debug|Any CPU
		{7DB65B52-A807-489C-AB01-A8CA2E7868D4}.Debug|Any CPU.Build.0 = Debug|Any CPU
		{7DB65B52-A807-489C-AB01-A8CA2E7868D4}.Release|Any CPU.ActiveCfg = Release|Any CPU
		{7DB65B52-A807-489C-AB01-A8CA2E7868D4}.Release|Any CPU.Build.0 = Release|Any CPU
	EndGlobalSection
	GlobalSection(SolutionProperties) = preSolution
		HideSolutionNode = FALSE
	EndGlobalSection
EndGlobal
